
Microsoft Visual Studio Solution File, Format Version 12.00
# Visual Studio Version 17
VisualStudioVersion = 17.14.36327.8 d17.14
MinimumVisualStudioVersion = 10.0.40219.1
Project("{FAE04EC0-301F-11D3-BF4B-00C04F79EFBC}") = "MovieLibrary", "MovieLibrary.csproj", "{A42C771C-626C-457B-9941-14CFA14FE023}"
EndProject
Global
	GlobalSection(SolutionConfigurationPlatforms) = preSolution
		Debug|Any CPU = Debug|Any CPU
		Release|Any CPU = Release|Any CPU
	EndGlobalSection
	GlobalSection(ProjectConfigurationPlatforms) = postSolution
		{A42C771C-626C-457B-9941-14CFA14FE023}.Debug|Any CPU.ActiveCfg = Debug|Any CPU
		{A42C771C-626C-457B-9941-14CFA14FE023}.Debug|Any CPU.Build.0 = Debug|Any CPU
		{A42C771C-626C-457B-9941-14CFA14FE023}.Release|Any CPU.ActiveCfg = Release|Any CPU
		{A42C771C-626C-457B-9941-14CFA14FE023}.Release|Any CPU.Build.0 = Release|Any CPU
	EndGlobalSection
	GlobalSection(SolutionProperties) = preSolution
		HideSolutionNode = FALSE
	EndGlobalSection
	GlobalSection(ExtensibilityGlobals) = postSolution
		SolutionGuid = {1D047921-6616-4BD6-982A-BCA6EE5B2C13}
	EndGlobalSection
EndGlobal
